Microsoft Visual Studio Solution File, Format Version 12.00
# Visual Studio 15
VisualStudioVersion = 15.0.27130.2036
MinimumVisualStudioVersion = 10.0.40219.1
Project("{FAE04EC0-301F-11D3-BF4B-00C04F79EFBC}") = "AdvancedLogViewer", "AdvancedLogViewer\AdvancedLogViewer.csproj", "{E1F298AC-721E-4BDC-BF84-8989A2E600ED}"
EndProject
Project("{FAE04EC0-301F-11D3-BF4B-00C04F79EFBC}") = "AdvancedLogViewer.Common", "AdvancedLogViewer.Common\AdvancedLogViewer.Common.csproj", "{F69DED99-F89E-402D-839B-D9356254799B}"
EndProject
Project("{FAE04EC0-301F-11D3-BF4B-00C04F79EFBC}") = "Scarfsail.Common", "3rdParty\Scarfsail\Common\Scarfsail.Common.csproj", "{F47904FE-1338-44F0-B8A8-5F0EBB55EECE}"
EndProject
Project("{2150E333-8FDC-42A3-9474-1A3956D46DE8}") = "Solution Items", "Solution Items", "{596FD269-B3F0-4D49-807E-C211590EDC6C}"
	ProjectSection(SolutionItems) = preProject
		GlobalAssemblyInfo.cs = GlobalAssemblyInfo.cs
	EndProjectSection
EndProject
Project("{2150E333-8FDC-42A3-9474-1A3956D46DE8}") = "Tests", "Tests", "{3B14F19B-A74C-40CD-8D83-8B5CB3AF0036}"
EndProject
Project("{FAE04EC0-301F-11D3-BF4B-00C04F79EFBC}") = "AdvancedLogViewer.Common.Tests", "Tests\AdvancedLogViewer.Common.Tests\AdvancedLogViewer.Common.Tests.csproj", "{43027A57-7832-41A8-AB8B-0D5AA480F143}"
EndProject
Project("{FAE04EC0-301F-11D3-BF4B-00C04F79EFBC}") = "Scarfsail.SoftwareUpdates", "3rdParty\Scarfsail\SoftwareUpdates\Scarfsail.SoftwareUpdates.csproj", "{2D833994-C908-472A-B215-200BD1239C5E}"
EndProject
Project("{FAE04EC0-301F-11D3-BF4B-00C04F79EFBC}") = "Scarfsail.Logging", "3rdParty\Scarfsail\Logging\Scarfsail.Logging.csproj", "{D6A25E78-F75D-4368-8244-BB33AAAA4AB2}"
EndProject
Project("{2150E333-8FDC-42A3-9474-1A3956D46DE8}") = "3rdParty", "3rdParty", "{05F90F06-9E3B-494F-B62D-6CD016D48B60}"
EndProject
Project("{FAE04EC0-301F-11D3-BF4B-00C04F79EFBC}") = "AdvancedLogViewer.BL", "AdvancedLogViewer.BL\AdvancedLogViewer.BL.csproj", "{823C16AA-F267-48BB-AD57-2902F3A118E4}"
EndProject
Global
	GlobalSection(SolutionConfigurationPlatforms) = preSolution
		Debug|Any CPU = Debug|Any CPU
		Debug|x86 = Debug|x86
		Release|Any CPU = Release|Any CPU
		Release|x86 = Release|x86
	EndGlobalSection
	GlobalSection(ProjectConfigurationPlatforms) = postSolution
		{E1F298AC-721E-4BDC-BF84-8989A2E600ED}.Debug|Any CPU.ActiveCfg = Debug|Any CPU
		{E1F298AC-721E-4BDC-BF84-8989A2E600ED}.Debug|Any CPU.Build.0 = Debug|Any CPU
		{E1F298AC-721E-4BDC-BF84-8989A2E600ED}.Debug|x86.ActiveCfg = Debug|Any CPU
		{E1F298AC-721E-4BDC-BF84-8989A2E600ED}.Debug|x86.Build.0 = Debug|Any CPU
		{E1F298AC-721E-4BDC-BF84-8989A2E600ED}.Release|Any CPU.ActiveCfg = Release|Any CPU
		{E1F298AC-721E-4BDC-BF84-8989A2E600ED}.Release|Any CPU.Build.0 = Release|Any CPU
		{E1F298AC-721E-4BDC-BF84-8989A2E600ED}.Release|x86.ActiveCfg = Release|Any CPU
		{E1F298AC-721E-4BDC-BF84-8989A2E600ED}.Release|x86.Build.0 = Release|Any CPU
		{F69DED99-F89E-402D-839B-D9356254799B}.Debug|Any CPU.ActiveCfg = Debug|Any CPU
		{F69DED99-F89E-402D-839B-D9356254799B}.Debug|Any CPU.Build.0 = Debug|Any CPU
		{F69DED99-F89E-402D-839B-D9356254799B}.Debug|x86.ActiveCfg = Debug|Any CPU
		{F69DED99-F89E-402D-839B-D9356254799B}.Debug|x86.Build.0 = Debug|Any CPU
		{F69DED99-F89E-402D-839B-D9356254799B}.Release|Any CPU.ActiveCfg = Release|Any CPU
		{F69DED99-F89E-402D-839B-D9356254799B}.Release|Any CPU.Build.0 = Release|Any CPU
		{F69DED99-F89E-402D-839B-D9356254799B}.Release|x86.ActiveCfg = Release|Any CPU
		{F69DED99-F89E-402D-839B-D9356254799B}.Release|x86.Build.0 = Release|Any CPU
		{F47904FE-1338-44F0-B8A8-5F0EBB55EECE}.Debug|Any CPU.ActiveCfg = Debug|Any CPU
		{F47904FE-1338-44F0-B8A8-5F0EBB55EECE}.Debug|Any CPU.Build.0 = Debug|Any CPU
		{F47904FE-1338-44F0-B8A8-5F0EBB55EECE}.Debug|x86.ActiveCfg = Debug|Any CPU
		{F47904FE-1338-44F0-B8A8-5F0EBB55EECE}.Debug|x86.Build.0 = Debug|Any CPU
		{F47904FE-1338-44F0-B8A8-5F0EBB55EECE}.Release|Any CPU.ActiveCfg = Release|Any CPU
		{F47904FE-1338-44F0-B8A8-5F0EBB55EECE}.Release|Any CPU.Build.0 = Release|Any CPU
		{F47904FE-1338-44F0-B8A8-5F0EBB55EECE}.Release|x86.ActiveCfg = Release|Any CPU
		{F47904FE-1338-44F0-B8A8-5F0EBB55EECE}.Release|x86.Build.0 = Release|Any CPU
		{43027A57-7832-41A8-AB8B-0D5AA480F143}.Debug|Any CPU.ActiveCfg = Debug|Any CPU
		{43027A57-7832-41A8-AB8B-0D5AA480F143}.Debug|Any CPU.Build.0 = Debug|Any CPU
		{43027A57-7832-41A8-AB8B-0D5AA480F143}.Debug|x86.ActiveCfg = Debug|Any CPU
		{43027A57-7832-41A8-AB8B-0D5AA480F143}.Debug|x86.Build.0 = Debug|Any CPU
		{43027A57-7832-41A8-AB8B-0D5AA480F143}.Release|Any CPU.ActiveCfg = Release|Any CPU
		{43027A57-7832-41A8-AB8B-0D5AA480F143}.Release|Any CPU.Build.0 = Release|Any CPU
		{43027A57-7832-41A8-AB8B-0D5AA480F143}.Release|x86.ActiveCfg = Release|Any CPU
		{43027A57-7832-41A8-AB8B-0D5AA480F143}.Release|x86.Build.0 = Release|Any CPU
		{2D833994-C908-472A-B215-200BD1239C5E}.Debug|Any CPU.ActiveCfg = Debug|Any CPU
		{2D833994-C908-472A-B215-200BD1239C5E}.Debug|Any CPU.Build.0 = Debug|Any CPU
		{2D833994-C908-472A-B215-200BD1239C5E}.Debug|x86.ActiveCfg = Debug|Any CPU
		{2D833994-C908-472A-B215-200BD1239C5E}.Debug|x86.Build.0 = Debug|Any CPU
		{2D833994-C908-472A-B215-200BD1239C5E}.Release|Any CPU.ActiveCfg = Release|Any CPU
		{2D833994-C908-472A-B215-200BD1239C5E}.Release|Any CPU.Build.0 = Release|Any CPU
		{2D833994-C908-472A-B215-200BD1239C5E}.Release|x86.ActiveCfg = Release|Any CPU
		{2D833994-C908-472A-B215-200BD1239C5E}.Release|x86.Build.0 = Release|Any CPU
		{D6A25E78-F75D-4368-8244-BB33AAAA4AB2}.Debug|Any CPU.ActiveCfg = Debug|Any CPU
		{D6A25E78-F75D-4368-8244-BB33AAAA4AB2}.Debug|Any CPU.Build.0 = Debug|Any CPU
		{D6A25E78-F75D-4368-8244-BB33AAAA4AB2}.Debug|x86.ActiveCfg = Debug|Any CPU
		{D6A25E78-F75D-4368-8244-BB33AAAA4AB2}.Debug|x86.Build.0 = Debug|Any CPU
		{D6A25E78-F75D-4368-8244-BB33AAAA4AB2}.Release|Any CPU.ActiveCfg = Release|Any CPU
		{D6A25E78-F75D-4368-8244-BB33AAAA4AB2}.Release|Any CPU.Build.0 = Release|Any CPU
		{D6A25E78-F75D-4368-8244-BB33AAAA4AB2}.Release|x86.ActiveCfg = Release|Any CPU
		{D6A25E78-F75D-4368-8244-BB33AAAA4AB2}.Release|x86.Build.0 = Release|Any CPU
		{823C16AA-F267-48BB-AD57-2902F3A118E4}.Debug|Any CPU.ActiveCfg = Debug|Any CPU
		{823C16AA-F267-48BB-AD57-2902F3A118E4}.Debug|Any CPU.Build.0 = Debug|Any CPU
		{823C16AA-F267-48BB-AD57-2902F3A118E4}.Debug|x86.ActiveCfg = Debug|Any CPU
		{823C16AA-F267-48BB-AD57-2902F3A118E4}.Debug|x86.Build.0 = Debug|Any CPU
		{823C16AA-F267-48BB-AD57-2902F3A118E4}.Release|Any CPU.ActiveCfg = Release|Any CPU
		{823C16AA-F267-48BB-AD57-2902F3A118E4}.Release|Any CPU.Build.0 = Release|Any CPU
		{823C16AA-F267-48BB-AD57-2902F3A118E4}.Release|x86.ActiveCfg = Release|Any CPU
		{823C16AA-F267-48BB-AD57-2902F3A118E4}.Release|x86.Build.0 = Release|Any CPU
	EndGlobalSection
	GlobalSection(SolutionProperties) = preSolution
		HideSolutionNode = FALSE
	EndGlobalSection
	GlobalSection(NestedProjects) = preSolution
		{F47904FE-1338-44F0-B8A8-5F0EBB55EECE} = {05F90F06-9E3B-494F-B62D-6CD016D48B60}
		{43027A57-7832-41A8-AB8B-0D5AA480F143} = {3B14F19B-A74C-40CD-8D83-8B5CB3AF0036}
		{2D833994-C908-472A-B215-200BD1239C5E} = {05F90F06-9E3B-494F-B62D-6CD016D48B60}
		{D6A25E78-F75D-4368-8244-BB33AAAA4AB2} = {05F90F06-9E3B-494F-B62D-6CD016D48B60}
	EndGlobalSection
	GlobalSection(ExtensibilityGlobals) = postSolution
		SolutionGuid = {A946B563-860B-4498-95E9-0572DE992B17}
	EndGlobalSection
	GlobalSection(TestCaseManagementSettings) = postSolution
		CategoryFile = AdvancedLogViewer.vsmdi
	EndGlobalSection
EndGlobal
