Microsoft Visual Studio Solution File, Format Version 12.00
# Visual Studio Version 16
VisualStudioVersion = 16.0.30803.129
MinimumVisualStudioVersion = 10.0.40219.1
Project("{9A19103F-16F7-4668-BE54-9A1E7A4F7556}") = "AdvancedLogViewer", "AdvancedLogViewer\AdvancedLogViewer.csproj", "{E1F298AC-721E-4BDC-BF84-8989A2E600ED}"
EndProject
Project("{9A19103F-16F7-4668-BE54-9A1E7A4F7556}") = "AdvancedLogViewer.Common", "AdvancedLogViewer.Common\AdvancedLogViewer.Common.csproj", "{F69DED99-F89E-402D-839B-D9356254799B}"
EndProject
Project("{9A19103F-16F7-4668-BE54-9A1E7A4F7556}") = "Scarfsail.Common", "3rdParty\Scarfsail\Common\Scarfsail.Common.csproj", "{F47904FE-1338-44F0-B8A8-5F0EBB55EECE}"
EndProject
Project("{2150E333-8FDC-42A3-9474-1A3956D46DE8}") = "Tests", "Tests", "{3B14F19B-A74C-40CD-8D83-8B5CB3AF0036}"
EndProject
Project("{9A19103F-16F7-4668-BE54-9A1E7A4F7556}") = "AdvancedLogViewer.Common.Tests", "Tests\AdvancedLogViewer.Common.Tests\AdvancedLogViewer.Common.Tests.csproj", "{43027A57-7832-41A8-AB8B-0D5AA480F143}"
EndProject
Project("{9A19103F-16F7-4668-BE54-9A1E7A4F7556}") = "Scarfsail.SoftwareUpdates", "3rdParty\Scarfsail\SoftwareUpdates\Scarfsail.SoftwareUpdates.csproj", "{2D833994-C908-472A-B215-200BD1239C5E}"
EndProject
Project("{9A19103F-16F7-4668-BE54-9A1E7A4F7556}") = "Scarfsail.Logging", "3rdParty\Scarfsail\Logging\Scarfsail.Logging.csproj", "{D6A25E78-F75D-4368-8244-BB33AAAA4AB2}"
EndProject
Project("{2150E333-8FDC-42A3-9474-1A3956D46DE8}") = "3rdParty", "3rdParty", "{05F90F06-9E3B-494F-B62D-6CD016D48B60}"
EndProject
Project("{9A19103F-16F7-4668-BE54-9A1E7A4F7556}") = "AdvancedLogViewer.BL", "AdvancedLogViewer.BL\AdvancedLogViewer.BL.csproj", "{823C16AA-F267-48BB-AD57-2902F3A118E4}"
EndProject
Project("{2150E333-8FDC-42A3-9474-1A3956D46DE8}") = "Scafsail", "Scafsail", "{BBB37D79-CC1B-49BF-9B02-E3D429ACF2AC}"
EndProject
Project("{2150E333-8FDC-42A3-9474-1A3956D46DE8}") = "SqlLinq", "SqlLinq", "{47BDDF7B-7559-4C98-98B0-F7A15B446D15}"
EndProject
Project("{9A19103F-16F7-4668-BE54-9A1E7A4F7556}") = "LinqStatistics", "3rdParty\SqlLinq\LinqStatistics\LinqStatistics.csproj", "{7B602396-8FF9-4DFD-8398-DFC46BEEC208}"
EndProject
Project("{9A19103F-16F7-4668-BE54-9A1E7A4F7556}") = "LinqStatistics.UnitTests", "3rdParty\SqlLinq\LinqStatistics.UnitTests\LinqStatistics.UnitTests.csproj", "{D0A4B562-0361-4BEB-B4D3-8F02C1975003}"
EndProject
Project("{9A19103F-16F7-4668-BE54-9A1E7A4F7556}") = "QueryAnything", "3rdParty\SqlLinq\QueryAnything\QueryAnything.csproj", "{6FB77A8C-714E-4648-B7BB-E5D238E3EB54}"
EndProject
Project("{9A19103F-16F7-4668-BE54-9A1E7A4F7556}") = "QueryAnything.UnitTests", "3rdParty\SqlLinq\QueryAnything.UnitTests\QueryAnything.UnitTests.csproj", "{24E6D61D-8E2F-4582-A342-D45169501782}"
EndProject
Project("{9A19103F-16F7-4668-BE54-9A1E7A4F7556}") = "SqlLinq", "3rdParty\SqlLinq\SqlLinq\SqlLinq.csproj", "{93738FCF-EDD2-4621-A735-8BEF8FBBCB8C}"
EndProject
Project("{2150E333-8FDC-42A3-9474-1A3956D46DE8}") = "XdMessaging", "XdMessaging", "{9C56C2BE-B82D-4E23-9CFD-DB56DB534501}"
EndProject
Project("{9A19103F-16F7-4668-BE54-9A1E7A4F7556}") = "XDMessaging", "3rdParty\XDMessaging-2.0.3.0\source\XDMessaging.csproj", "{3A501AA1-59B1-413C-AC1F-12F65EBEB96D}"
EndProject
Project("{9A19103F-16F7-4668-BE54-9A1E7A4F7556}") = "AdvancedLogBrowser", "AdvancedLogBrowser\AdvancedLogBrowser.csproj", "{7E47F17F-BE4C-45A8-B821-08534913927F}"
EndProject
Global
	GlobalSection(SolutionConfigurationPlatforms) = preSolution
		Debug|Any CPU = Debug|Any CPU
		Debug|x86 = Debug|x86
		Release|Any CPU = Release|Any CPU
		Release|x86 = Release|x86
	EndGlobalSection
	GlobalSection(ProjectConfigurationPlatforms) = postSolution
		{E1F298AC-721E-4BDC-BF84-8989A2E600ED}.Debug|Any CPU.ActiveCfg = Debug|Any CPU
		{E1F298AC-721E-4BDC-BF84-8989A2E600ED}.Debug|Any CPU.Build.0 = Debug|Any CPU
		{E1F298AC-721E-4BDC-BF84-8989A2E600ED}.Debug|x86.ActiveCfg = Debug|Any CPU
		{E1F298AC-721E-4BDC-BF84-8989A2E600ED}.Debug|x86.Build.0 = Debug|Any CPU
		{E1F298AC-721E-4BDC-BF84-8989A2E600ED}.Release|Any CPU.ActiveCfg = Release|Any CPU
		{E1F298AC-721E-4BDC-BF84-8989A2E600ED}.Release|Any CPU.Build.0 = Release|Any CPU
		{E1F298AC-721E-4BDC-BF84-8989A2E600ED}.Release|x86.ActiveCfg = Release|Any CPU
		{E1F298AC-721E-4BDC-BF84-8989A2E600ED}.Release|x86.Build.0 = Release|Any CPU
		{F69DED99-F89E-402D-839B-D9356254799B}.Debug|Any CPU.ActiveCfg = Debug|Any CPU
		{F69DED99-F89E-402D-839B-D9356254799B}.Debug|Any CPU.Build.0 = Debug|Any CPU
		{F69DED99-F89E-402D-839B-D9356254799B}.Debug|x86.ActiveCfg = Debug|Any CPU
		{F69DED99-F89E-402D-839B-D9356254799B}.Debug|x86.Build.0 = Debug|Any CPU
		{F69DED99-F89E-402D-839B-D9356254799B}.Release|Any CPU.ActiveCfg = Release|Any CPU
		{F69DED99-F89E-402D-839B-D9356254799B}.Release|Any CPU.Build.0 = Release|Any CPU
		{F69DED99-F89E-402D-839B-D9356254799B}.Release|x86.ActiveCfg = Release|Any CPU
		{F69DED99-F89E-402D-839B-D9356254799B}.Release|x86.Build.0 = Release|Any CPU
		{F47904FE-1338-44F0-B8A8-5F0EBB55EECE}.Debug|Any CPU.ActiveCfg = Debug|Any CPU
		{F47904FE-1338-44F0-B8A8-5F0EBB55EECE}.Debug|Any CPU.Build.0 = Debug|Any CPU
		{F47904FE-1338-44F0-B8A8-5F0EBB55EECE}.Debug|x86.ActiveCfg = Debug|Any CPU
		{F47904FE-1338-44F0-B8A8-5F0EBB55EECE}.Debug|x86.Build.0 = Debug|Any CPU
		{F47904FE-1338-44F0-B8A8-5F0EBB55EECE}.Release|Any CPU.ActiveCfg = Release|Any CPU
		{F47904FE-1338-44F0-B8A8-5F0EBB55EECE}.Release|Any CPU.Build.0 = Release|Any CPU
		{F47904FE-1338-44F0-B8A8-5F0EBB55EECE}.Release|x86.ActiveCfg = Release|Any CPU
		{F47904FE-1338-44F0-B8A8-5F0EBB55EECE}.Release|x86.Build.0 = Release|Any CPU
		{43027A57-7832-41A8-AB8B-0D5AA480F143}.Debug|Any CPU.ActiveCfg = Debug|Any CPU
		{43027A57-7832-41A8-AB8B-0D5AA480F143}.Debug|Any CPU.Build.0 = Debug|Any CPU
		{43027A57-7832-41A8-AB8B-0D5AA480F143}.Debug|x86.ActiveCfg = Debug|Any CPU
		{43027A57-7832-41A8-AB8B-0D5AA480F143}.Debug|x86.Build.0 = Debug|Any CPU
		{43027A57-7832-41A8-AB8B-0D5AA480F143}.Release|Any CPU.ActiveCfg = Release|Any CPU
		{43027A57-7832-41A8-AB8B-0D5AA480F143}.Release|Any CPU.Build.0 = Release|Any CPU
		{43027A57-7832-41A8-AB8B-0D5AA480F143}.Release|x86.ActiveCfg = Release|Any CPU
		{43027A57-7832-41A8-AB8B-0D5AA480F143}.Release|x86.Build.0 = Release|Any CPU
		{2D833994-C908-472A-B215-200BD1239C5E}.Debug|Any CPU.ActiveCfg = Debug|Any CPU
		{2D833994-C908-472A-B215-200BD1239C5E}.Debug|Any CPU.Build.0 = Debug|Any CPU
		{2D833994-C908-472A-B215-200BD1239C5E}.Debug|x86.ActiveCfg = Debug|Any CPU
		{2D833994-C908-472A-B215-200BD1239C5E}.Debug|x86.Build.0 = Debug|Any CPU
		{2D833994-C908-472A-B215-200BD1239C5E}.Release|Any CPU.ActiveCfg = Release|Any CPU
		{2D833994-C908-472A-B215-200BD1239C5E}.Release|Any CPU.Build.0 = Release|Any CPU
		{2D833994-C908-472A-B215-200BD1239C5E}.Release|x86.ActiveCfg = Release|Any CPU
		{2D833994-C908-472A-B215-200BD1239C5E}.Release|x86.Build.0 = Release|Any CPU
		{D6A25E78-F75D-4368-8244-BB33AAAA4AB2}.Debug|Any CPU.ActiveCfg = Debug|Any CPU
		{D6A25E78-F75D-4368-8244-BB33AAAA4AB2}.Debug|Any CPU.Build.0 = Debug|Any CPU
		{D6A25E78-F75D-4368-8244-BB33AAAA4AB2}.Debug|x86.ActiveCfg = Debug|Any CPU
		{D6A25E78-F75D-4368-8244-BB33AAAA4AB2}.Debug|x86.Build.0 = Debug|Any CPU
		{D6A25E78-F75D-4368-8244-BB33AAAA4AB2}.Release|Any CPU.ActiveCfg = Release|Any CPU
		{D6A25E78-F75D-4368-8244-BB33AAAA4AB2}.Release|Any CPU.Build.0 = Release|Any CPU
		{D6A25E78-F75D-4368-8244-BB33AAAA4AB2}.Release|x86.ActiveCfg = Release|Any CPU
		{D6A25E78-F75D-4368-8244-BB33AAAA4AB2}.Release|x86.Build.0 = Release|Any CPU
		{823C16AA-F267-48BB-AD57-2902F3A118E4}.Debug|Any CPU.ActiveCfg = Debug|Any CPU
		{823C16AA-F267-48BB-AD57-2902F3A118E4}.Debug|Any CPU.Build.0 = Debug|Any CPU
		{823C16AA-F267-48BB-AD57-2902F3A118E4}.Debug|x86.ActiveCfg = Debug|Any CPU
		{823C16AA-F267-48BB-AD57-2902F3A118E4}.Debug|x86.Build.0 = Debug|Any CPU
		{823C16AA-F267-48BB-AD57-2902F3A118E4}.Release|Any CPU.ActiveCfg = Release|Any CPU
		{823C16AA-F267-48BB-AD57-2902F3A118E4}.Release|Any CPU.Build.0 = Release|Any CPU
		{823C16AA-F267-48BB-AD57-2902F3A118E4}.Release|x86.ActiveCfg = Release|Any CPU
		{823C16AA-F267-48BB-AD57-2902F3A118E4}.Release|x86.Build.0 = Release|Any CPU
		{7B602396-8FF9-4DFD-8398-DFC46BEEC208}.Debug|Any CPU.ActiveCfg = Debug|Any CPU
		{7B602396-8FF9-4DFD-8398-DFC46BEEC208}.Debug|Any CPU.Build.0 = Debug|Any CPU
		{7B602396-8FF9-4DFD-8398-DFC46BEEC208}.Debug|x86.ActiveCfg = Debug|Any CPU
		{7B602396-8FF9-4DFD-8398-DFC46BEEC208}.Debug|x86.Build.0 = Debug|Any CPU
		{7B602396-8FF9-4DFD-8398-DFC46BEEC208}.Release|Any CPU.ActiveCfg = Release|Any CPU
		{7B602396-8FF9-4DFD-8398-DFC46BEEC208}.Release|Any CPU.Build.0 = Release|Any CPU
		{7B602396-8FF9-4DFD-8398-DFC46BEEC208}.Release|x86.ActiveCfg = Release|Any CPU
		{7B602396-8FF9-4DFD-8398-DFC46BEEC208}.Release|x86.Build.0 = Release|Any CPU
		{D0A4B562-0361-4BEB-B4D3-8F02C1975003}.Debug|Any CPU.ActiveCfg = Debug|Any CPU
		{D0A4B562-0361-4BEB-B4D3-8F02C1975003}.Debug|Any CPU.Build.0 = Debug|Any CPU
		{D0A4B562-0361-4BEB-B4D3-8F02C1975003}.Debug|x86.ActiveCfg = Debug|Any CPU
		{D0A4B562-0361-4BEB-B4D3-8F02C1975003}.Debug|x86.Build.0 = Debug|Any CPU
		{D0A4B562-0361-4BEB-B4D3-8F02C1975003}.Release|Any CPU.ActiveCfg = Release|Any CPU
		{D0A4B562-0361-4BEB-B4D3-8F02C1975003}.Release|Any CPU.Build.0 = Release|Any CPU
		{D0A4B562-0361-4BEB-B4D3-8F02C1975003}.Release|x86.ActiveCfg = Release|Any CPU
		{D0A4B562-0361-4BEB-B4D3-8F02C1975003}.Release|x86.Build.0 = Release|Any CPU
		{6FB77A8C-714E-4648-B7BB-E5D238E3EB54}.Debug|Any CPU.ActiveCfg = Debug|Any CPU
		{6FB77A8C-714E-4648-B7BB-E5D238E3EB54}.Debug|Any CPU.Build.0 = Debug|Any CPU
		{6FB77A8C-714E-4648-B7BB-E5D238E3EB54}.Debug|x86.ActiveCfg = Debug|Any CPU
		{6FB77A8C-714E-4648-B7BB-E5D238E3EB54}.Debug|x86.Build.0 = Debug|Any CPU
		{6FB77A8C-714E-4648-B7BB-E5D238E3EB54}.Release|Any CPU.ActiveCfg = Release|Any CPU
		{6FB77A8C-714E-4648-B7BB-E5D238E3EB54}.Release|Any CPU.Build.0 = Release|Any CPU
		{6FB77A8C-714E-4648-B7BB-E5D238E3EB54}.Release|x86.ActiveCfg = Release|Any CPU
		{6FB77A8C-714E-4648-B7BB-E5D238E3EB54}.Release|x86.Build.0 = Release|Any CPU
		{24E6D61D-8E2F-4582-A342-D45169501782}.Debug|Any CPU.ActiveCfg = Debug|Any CPU
		{24E6D61D-8E2F-4582-A342-D45169501782}.Debug|Any CPU.Build.0 = Debug|Any CPU
		{24E6D61D-8E2F-4582-A342-D45169501782}.Debug|x86.ActiveCfg = Debug|Any CPU
		{24E6D61D-8E2F-4582-A342-D45169501782}.Debug|x86.Build.0 = Debug|Any CPU
		{24E6D61D-8E2F-4582-A342-D45169501782}.Release|Any CPU.ActiveCfg = Release|Any CPU
		{24E6D61D-8E2F-4582-A342-D45169501782}.Release|Any CPU.Build.0 = Release|Any CPU
		{24E6D61D-8E2F-4582-A342-D45169501782}.Release|x86.ActiveCfg = Release|Any CPU
		{24E6D61D-8E2F-4582-A342-D45169501782}.Release|x86.Build.0 = Release|Any CPU
		{93738FCF-EDD2-4621-A735-8BEF8FBBCB8C}.Debug|Any CPU.ActiveCfg = Debug|Any CPU
		{93738FCF-EDD2-4621-A735-8BEF8FBBCB8C}.Debug|Any CPU.Build.0 = Debug|Any CPU
		{93738FCF-EDD2-4621-A735-8BEF8FBBCB8C}.Debug|x86.ActiveCfg = Debug|Any CPU
		{93738FCF-EDD2-4621-A735-8BEF8FBBCB8C}.Debug|x86.Build.0 = Debug|Any CPU
		{93738FCF-EDD2-4621-A735-8BEF8FBBCB8C}.Release|Any CPU.ActiveCfg = Release|Any CPU
		{93738FCF-EDD2-4621-A735-8BEF8FBBCB8C}.Release|Any CPU.Build.0 = Release|Any CPU
		{93738FCF-EDD2-4621-A735-8BEF8FBBCB8C}.Release|x86.ActiveCfg = Release|Any CPU
		{93738FCF-EDD2-4621-A735-8BEF8FBBCB8C}.Release|x86.Build.0 = Release|Any CPU
		{3A501AA1-59B1-413C-AC1F-12F65EBEB96D}.Debug|Any CPU.ActiveCfg = Debug|Any CPU
		{3A501AA1-59B1-413C-AC1F-12F65EBEB96D}.Debug|Any CPU.Build.0 = Debug|Any CPU
		{3A501AA1-59B1-413C-AC1F-12F65EBEB96D}.Debug|x86.ActiveCfg = Debug|Any CPU
		{3A501AA1-59B1-413C-AC1F-12F65EBEB96D}.Debug|x86.Build.0 = Debug|Any CPU
		{3A501AA1-59B1-413C-AC1F-12F65EBEB96D}.Release|Any CPU.ActiveCfg = Release|Any CPU
		{3A501AA1-59B1-413C-AC1F-12F65EBEB96D}.Release|Any CPU.Build.0 = Release|Any CPU
		{3A501AA1-59B1-413C-AC1F-12F65EBEB96D}.Release|x86.ActiveCfg = Release|Any CPU
		{3A501AA1-59B1-413C-AC1F-12F65EBEB96D}.Release|x86.Build.0 = Release|Any CPU
		{7E47F17F-BE4C-45A8-B821-08534913927F}.Debug|Any CPU.ActiveCfg = Debug|Any CPU
		{7E47F17F-BE4C-45A8-B821-08534913927F}.Debug|Any CPU.Build.0 = Debug|Any CPU
		{7E47F17F-BE4C-45A8-B821-08534913927F}.Debug|x86.ActiveCfg = Debug|Any CPU
		{7E47F17F-BE4C-45A8-B821-08534913927F}.Debug|x86.Build.0 = Debug|Any CPU
		{7E47F17F-BE4C-45A8-B821-08534913927F}.Release|Any CPU.ActiveCfg = Release|Any CPU
		{7E47F17F-BE4C-45A8-B821-08534913927F}.Release|Any CPU.Build.0 = Release|Any CPU
		{7E47F17F-BE4C-45A8-B821-08534913927F}.Release|x86.ActiveCfg = Release|Any CPU
		{7E47F17F-BE4C-45A8-B821-08534913927F}.Release|x86.Build.0 = Release|Any CPU
	EndGlobalSection
	GlobalSection(SolutionProperties) = preSolution
		HideSolutionNode = FALSE
	EndGlobalSection
	GlobalSection(NestedProjects) = preSolution
		{F47904FE-1338-44F0-B8A8-5F0EBB55EECE} = {BBB37D79-CC1B-49BF-9B02-E3D429ACF2AC}
		{43027A57-7832-41A8-AB8B-0D5AA480F143} = {3B14F19B-A74C-40CD-8D83-8B5CB3AF0036}
		{2D833994-C908-472A-B215-200BD1239C5E} = {BBB37D79-CC1B-49BF-9B02-E3D429ACF2AC}
		{D6A25E78-F75D-4368-8244-BB33AAAA4AB2} = {BBB37D79-CC1B-49BF-9B02-E3D429ACF2AC}
		{BBB37D79-CC1B-49BF-9B02-E3D429ACF2AC} = {05F90F06-9E3B-494F-B62D-6CD016D48B60}
		{47BDDF7B-7559-4C98-98B0-F7A15B446D15} = {05F90F06-9E3B-494F-B62D-6CD016D48B60}
		{7B602396-8FF9-4DFD-8398-DFC46BEEC208} = {47BDDF7B-7559-4C98-98B0-F7A15B446D15}
		{D0A4B562-0361-4BEB-B4D3-8F02C1975003} = {47BDDF7B-7559-4C98-98B0-F7A15B446D15}
		{6FB77A8C-714E-4648-B7BB-E5D238E3EB54} = {47BDDF7B-7559-4C98-98B0-F7A15B446D15}
		{24E6D61D-8E2F-4582-A342-D45169501782} = {47BDDF7B-7559-4C98-98B0-F7A15B446D15}
		{93738FCF-EDD2-4621-A735-8BEF8FBBCB8C} = {47BDDF7B-7559-4C98-98B0-F7A15B446D15}
		{9C56C2BE-B82D-4E23-9CFD-DB56DB534501} = {05F90F06-9E3B-494F-B62D-6CD016D48B60}
		{3A501AA1-59B1-413C-AC1F-12F65EBEB96D} = {9C56C2BE-B82D-4E23-9CFD-DB56DB534501}
	EndGlobalSection
	GlobalSection(ExtensibilityGlobals) = postSolution
		SolutionGuid = {A946B563-860B-4498-95E9-0572DE992B17}
	EndGlobalSection
	GlobalSection(TestCaseManagementSettings) = postSolution
		CategoryFile = AdvancedLogViewer.vsmdi
	EndGlobalSection
EndGlobal
